
Microsoft Visual Studio Solution File, Format Version 12.00
# Visual Studio 2012
Project("{FAE04EC0-301F-11D3-BF4B-00C04F79EFBC}") = "gui involved", "gui involved\gui involved.csproj", "{70125F8F-46F7-4318-B941-E36C1B7A0BAD}"
EndProject
Global
	GlobalSection(SolutionConfigurationPlatforms) = preSolution
		Debug|Any CPU = Debug|Any CPU
		Release|Any CPU = Release|Any CPU
	EndGlobalSection
	GlobalSection(ProjectConfigurationPlatforms) = postSolution
		{70125F8F-46F7-4318-B941-E36C1B7A0BAD}.Debug|Any CPU.ActiveCfg = Debug|Any CPU
		{70125F8F-46F7-4318-B941-E36C1B7A0BAD}.Debug|Any CPU.Build.0 = Debug|Any CPU
		{70125F8F-46F7-4318-B941-E36C1B7A0BAD}.Release|Any CPU.ActiveCfg = Release|Any CPU
		{70125F8F-46F7-4318-B941-E36C1B7A0BAD}.Release|Any CPU.Build.0 = Release|Any CPU
	EndGlobalSection
	GlobalSection(SolutionProperties) = preSolution
		HideSolutionNode = FALSE
	EndGlobalSection
EndGlobal
